
Microsoft Visual Studio Solution File, Format Version 12.00
# Visual Studio 2012
Project("{D954291E-2A0B-460D-934E-DC6B0785DB48}") = "CashConverter", "CashConverter\CashConverter.shproj", "{FD7C22DD-3300-4A33-8496-5EBADEC8C03E}"
EndProject
Project("{FAE04EC0-301F-11D3-BF4B-00C04F79EFBC}") = "CashConverter.Droid", "Droid\CashConverter.Droid.csproj", "{C2D451E8-CFDD-476E-8334-200E400EA6E5}"
EndProject
Project("{FAE04EC0-301F-11D3-BF4B-00C04F79EFBC}") = "CashConverter.iOS", "iOS\CashConverter.iOS.csproj", "{23E331CA-76A8-428E-8725-E2B89BAD6103}"
EndProject
Global
	GlobalSection(SolutionConfigurationPlatforms) = preSolution
		Debug|Any CPU = Debug|Any CPU
		Release|Any CPU = Release|Any CPU
		Debug|iPhoneSimulator = Debug|iPhoneSimulator
		Release|iPhone = Release|iPhone
		Release|iPhoneSimulator = Release|iPhoneSimulator
		Debug|iPhone = Debug|iPhone
	EndGlobalSection
	GlobalSection(ProjectConfigurationPlatforms) = postSolution
		{C2D451E8-CFDD-476E-8334-200E400EA6E5}.Debug|Any CPU.ActiveCfg = Debug|Any CPU
		{C2D451E8-CFDD-476E-8334-200E400EA6E5}.Debug|Any CPU.Build.0 = Debug|Any CPU
		{C2D451E8-CFDD-476E-8334-200E400EA6E5}.Release|Any CPU.ActiveCfg = Release|Any CPU
		{C2D451E8-CFDD-476E-8334-200E400EA6E5}.Release|Any CPU.Build.0 = Release|Any CPU
		{C2D451E8-CFDD-476E-8334-200E400EA6E5}.Debug|iPhoneSimulator.ActiveCfg = Debug|Any CPU
		{C2D451E8-CFDD-476E-8334-200E400EA6E5}.Debug|iPhoneSimulator.Build.0 = Debug|Any CPU
		{C2D451E8-CFDD-476E-8334-200E400EA6E5}.Release|iPhone.ActiveCfg = Release|Any CPU
		{C2D451E8-CFDD-476E-8334-200E400EA6E5}.Release|iPhone.Build.0 = Release|Any CPU
		{C2D451E8-CFDD-476E-8334-200E400EA6E5}.Release|iPhoneSimulator.ActiveCfg = Release|Any CPU
		{C2D451E8-CFDD-476E-8334-200E400EA6E5}.Release|iPhoneSimulator.Build.0 = Release|Any CPU
		{C2D451E8-CFDD-476E-8334-200E400EA6E5}.Debug|iPhone.ActiveCfg = Debug|Any CPU
		{C2D451E8-CFDD-476E-8334-200E400EA6E5}.Debug|iPhone.Build.0 = Debug|Any CPU
		{23E331CA-76A8-428E-8725-E2B89BAD6103}.Debug|Any CPU.ActiveCfg = Debug|iPhoneSimulator
		{23E331CA-76A8-428E-8725-E2B89BAD6103}.Debug|Any CPU.Build.0 = Debug|iPhoneSimulator
		{23E331CA-76A8-428E-8725-E2B89BAD6103}.Release|Any CPU.ActiveCfg = Release|iPhone
		{23E331CA-76A8-428E-8725-E2B89BAD6103}.Release|Any CPU.Build.0 = Release|iPhone
		{23E331CA-76A8-428E-8725-E2B89BAD6103}.Debug|iPhoneSimulator.ActiveCfg = Debug|iPhoneSimulator
		{23E331CA-76A8-428E-8725-E2B89BAD6103}.Debug|iPhoneSimulator.Build.0 = Debug|iPhoneSimulator
		{23E331CA-76A8-428E-8725-E2B89BAD6103}.Release|iPhone.ActiveCfg = Release|iPhone
		{23E331CA-76A8-428E-8725-E2B89BAD6103}.Release|iPhone.Build.0 = Release|iPhone
		{23E331CA-76A8-428E-8725-E2B89BAD6103}.Release|iPhoneSimulator.ActiveCfg = Release|iPhoneSimulator
		{23E331CA-76A8-428E-8725-E2B89BAD6103}.Release|iPhoneSimulator.Build.0 = Release|iPhoneSimulator
		{23E331CA-76A8-428E-8725-E2B89BAD6103}.Debug|iPhone.ActiveCfg = Debug|iPhone
		{23E331CA-76A8-428E-8725-E2B89BAD6103}.Debug|iPhone.Build.0 = Debug|iPhone
	EndGlobalSection
EndGlobal
